
Microsoft Visual Studio Solution File, Format Version 12.00
# Visual Studio Version 17
VisualStudioVersion = 17.3.32929.385
MinimumVisualStudioVersion = 10.0.40219.1
Project("{9A19103F-16F7-4668-BE54-9A1E7A4F7556}") = "Ayakkabicim.Core", "Ayakkabicim.Core\Ayakkabicim.Core.csproj", "{3627C4CD-D53A-43B5-ABC1-DA6864F70051}"
EndProject
Project("{9A19103F-16F7-4668-BE54-9A1E7A4F7556}") = "Ayakkabicim.Repository", "Ayakkabicim.Repository\Ayakkabicim.Repository.csproj", "{71CBA8A4-D5D0-4AD1-A88F-AD69CCC6EAC7}"
EndProject
Project("{9A19103F-16F7-4668-BE54-9A1E7A4F7556}") = "Ayakkabicim.Service", "Ayakkabicim.Service\Ayakkabicim.Service.csproj", "{739079C6-C1F6-4CED-A70A-B9736E532873}"
EndProject
Project("{9A19103F-16F7-4668-BE54-9A1E7A4F7556}") = "Ayakkabicim.API", "Ayakkabicim.API\Ayakkabicim.API.csproj", "{1CFBF931-981C-4B5D-8DA0-89269202442E}"
EndProject
Project("{9A19103F-16F7-4668-BE54-9A1E7A4F7556}") = "Ayakkabicim.WEB", "Ayakkabicim.WEB\Ayakkabicim.WEB.csproj", "{2C07D7F3-5C19-4AD9-8A10-346E651ED145}"
EndProject
Global
	GlobalSection(SolutionConfigurationPlatforms) = preSolution
		Debug|Any CPU = Debug|Any CPU
		Release|Any CPU = Release|Any CPU
	EndGlobalSection
	GlobalSection(ProjectConfigurationPlatforms) = postSolution
		{3627C4CD-D53A-43B5-ABC1-DA6864F70051}.Debug|Any CPU.ActiveCfg = Debug|Any CPU
		{3627C4CD-D53A-43B5-ABC1-DA6864F70051}.Debug|Any CPU.Build.0 = Debug|Any CPU
		{3627C4CD-D53A-43B5-ABC1-DA6864F70051}.Release|Any CPU.ActiveCfg = Release|Any CPU
		{3627C4CD-D53A-43B5-ABC1-DA6864F70051}.Release|Any CPU.Build.0 = Release|Any CPU
		{71CBA8A4-D5D0-4AD1-A88F-AD69CCC6EAC7}.Debug|Any CPU.ActiveCfg = Debug|Any CPU
		{71CBA8A4-D5D0-4AD1-A88F-AD69CCC6EAC7}.Debug|Any CPU.Build.0 = Debug|Any CPU
		{71CBA8A4-D5D0-4AD1-A88F-AD69CCC6EAC7}.Release|Any CPU.ActiveCfg = Release|Any CPU
		{71CBA8A4-D5D0-4AD1-A88F-AD69CCC6EAC7}.Release|Any CPU.Build.0 = Release|Any CPU
		{739079C6-C1F6-4CED-A70A-B9736E532873}.Debug|Any CPU.ActiveCfg = Debug|Any CPU
		{739079C6-C1F6-4CED-A70A-B9736E532873}.Debug|Any CPU.Build.0 = Debug|Any CPU
		{739079C6-C1F6-4CED-A70A-B9736E532873}.Release|Any CPU.ActiveCfg = Release|Any CPU
		{739079C6-C1F6-4CED-A70A-B9736E532873}.Release|Any CPU.Build.0 = Release|Any CPU
		{1CFBF931-981C-4B5D-8DA0-89269202442E}.Debug|Any CPU.ActiveCfg = Debug|Any CPU
		{1CFBF931-981C-4B5D-8DA0-89269202442E}.Debug|Any CPU.Build.0 = Debug|Any CPU
		{1CFBF931-981C-4B5D-8DA0-89269202442E}.Release|Any CPU.ActiveCfg = Release|Any CPU
		{1CFBF931-981C-4B5D-8DA0-89269202442E}.Release|Any CPU.Build.0 = Release|Any CPU
		{2C07D7F3-5C19-4AD9-8A10-346E651ED145}.Debug|Any CPU.ActiveCfg = Debug|Any CPU
		{2C07D7F3-5C19-4AD9-8A10-346E651ED145}.Debug|Any CPU.Build.0 = Debug|Any CPU
		{2C07D7F3-5C19-4AD9-8A10-346E651ED145}.Release|Any CPU.ActiveCfg = Release|Any CPU
		{2C07D7F3-5C19-4AD9-8A10-346E651ED145}.Release|Any CPU.Build.0 = Release|Any CPU
	EndGlobalSection
	GlobalSection(SolutionProperties) = preSolution
		HideSolutionNode = FALSE
	EndGlobalSection
	GlobalSection(ExtensibilityGlobals) = postSolution
		SolutionGuid = {ECF66A01-C674-4AAE-9C6F-1585D8FDF03D}
	EndGlobalSection
EndGlobal
